
Microsoft Visual Studio Solution File, Format Version 12.00
# Visual Studio Version 17
VisualStudioVersion = 17.14.36301.6
MinimumVisualStudioVersion = 10.0.40219.1
Project("{FAE04EC0-301F-11D3-BF4B-00C04F79EFBC}") = "VMS", "VMS\VMS.csproj", "{BB557A17-A472-40AB-84CD-0EC665070CC1}"
EndProject
Global
	GlobalSection(SolutionConfigurationPlatforms) = preSolution
		Debug|Any CPU = Debug|Any CPU
		Release|Any CPU = Release|Any CPU
	EndGlobalSection
	GlobalSection(ProjectConfigurationPlatforms) = postSolution
		{BB557A17-A472-40AB-84CD-0EC665070CC1}.Debug|Any CPU.ActiveCfg = Debug|Any CPU
		{BB557A17-A472-40AB-84CD-0EC665070CC1}.Debug|Any CPU.Build.0 = Debug|Any CPU
		{BB557A17-A472-40AB-84CD-0EC665070CC1}.Release|Any CPU.ActiveCfg = Release|Any CPU
		{BB557A17-A472-40AB-84CD-0EC665070CC1}.Release|Any CPU.Build.0 = Release|Any CPU
	EndGlobalSection
	GlobalSection(SolutionProperties) = preSolution
		HideSolutionNode = FALSE
	EndGlobalSection
	GlobalSection(ExtensibilityGlobals) = postSolution
		SolutionGuid = {4D330C79-385B-4E76-91BA-8F3F83B6B736}
	EndGlobalSection
EndGlobal
